
Microsoft Visual Studio Solution File, Format Version 12.00
# Visual Studio Version 16
VisualStudioVersion = 16.0.30907.101
MinimumVisualStudioVersion = 10.0.40219.1
Project("{FAE04EC0-301F-11D3-BF4B-00C04F79EFBC}") = "CurrencyExchanger.Core", "CurrencyExchanger.Core\CurrencyExchanger.Core.csproj", "{89906AA6-CD09-4BA4-A9F2-532947F3E8C9}"
EndProject
Project("{FAE04EC0-301F-11D3-BF4B-00C04F79EFBC}") = "CurrencyExchanger.UI", "CurrencyExchanger.,UI\CurrencyExchanger.UI.csproj", "{0DD39FC1-9EFB-4FE3-9E0B-009739C261D3}"
EndProject
Global
	GlobalSection(SolutionConfigurationPlatforms) = preSolution
		Debug|Any CPU = Debug|Any CPU
		Release|Any CPU = Release|Any CPU
	EndGlobalSection
	GlobalSection(ProjectConfigurationPlatforms) = postSolution
		{89906AA6-CD09-4BA4-A9F2-532947F3E8C9}.Debug|Any CPU.ActiveCfg = Debug|Any CPU
		{89906AA6-CD09-4BA4-A9F2-532947F3E8C9}.Debug|Any CPU.Build.0 = Debug|Any CPU
		{89906AA6-CD09-4BA4-A9F2-532947F3E8C9}.Release|Any CPU.ActiveCfg = Release|Any CPU
		{89906AA6-CD09-4BA4-A9F2-532947F3E8C9}.Release|Any CPU.Build.0 = Release|Any CPU
		{0DD39FC1-9EFB-4FE3-9E0B-009739C261D3}.Debug|Any CPU.ActiveCfg = Debug|Any CPU
		{0DD39FC1-9EFB-4FE3-9E0B-009739C261D3}.Debug|Any CPU.Build.0 = Debug|Any CPU
		{0DD39FC1-9EFB-4FE3-9E0B-009739C261D3}.Release|Any CPU.ActiveCfg = Release|Any CPU
		{0DD39FC1-9EFB-4FE3-9E0B-009739C261D3}.Release|Any CPU.Build.0 = Release|Any CPU
	EndGlobalSection
	GlobalSection(SolutionProperties) = preSolution
		HideSolutionNode = FALSE
	EndGlobalSection
	GlobalSection(ExtensibilityGlobals) = postSolution
		SolutionGuid = {788EF0EE-8C7A-4FCB-88BD-A5201068A477}
	EndGlobalSection
EndGlobal
